
Microsoft Visual Studio Solution File, Format Version 12.00
# Visual Studio Version 17
VisualStudioVersion = 17.14.36414.22
MinimumVisualStudioVersion = 10.0.40219.1
Project("{FAE04EC0-301F-11D3-BF4B-00C04F79EFBC}") = "SistemaGestionInventario", "SistemaGestionInventario.csproj", "{D21B662F-7AAF-0C3C-5DC9-98ED35B3ED22}"
EndProject
Global
	GlobalSection(SolutionConfigurationPlatforms) = preSolution
		Debug|Any CPU = Debug|Any CPU
		Release|Any CPU = Release|Any CPU
	EndGlobalSection
	GlobalSection(ProjectConfigurationPlatforms) = postSolution
		{D21B662F-7AAF-0C3C-5DC9-98ED35B3ED22}.Debug|Any CPU.ActiveCfg = Debug|Any CPU
		{D21B662F-7AAF-0C3C-5DC9-98ED35B3ED22}.Debug|Any CPU.Build.0 = Debug|Any CPU
		{D21B662F-7AAF-0C3C-5DC9-98ED35B3ED22}.Release|Any CPU.ActiveCfg = Release|Any CPU
		{D21B662F-7AAF-0C3C-5DC9-98ED35B3ED22}.Release|Any CPU.Build.0 = Release|Any CPU
	EndGlobalSection
	GlobalSection(SolutionProperties) = preSolution
		HideSolutionNode = FALSE
	EndGlobalSection
	GlobalSection(ExtensibilityGlobals) = postSolution
		SolutionGuid = {EFF4C245-1FB5-44CC-8058-0B01358389B2}
	EndGlobalSection
EndGlobal
